
Microsoft Visual Studio Solution File, Format Version 12.00
# Visual Studio Version 16
VisualStudioVersion = 16.0.30128.74
MinimumVisualStudioVersion = 10.0.40219.1
Project("{FAE04EC0-301F-11D3-BF4B-00C04F79EFBC}") = "Examen2OscarMorales", "Examen2OscarMorales\Examen2OscarMorales.csproj", "{D3BFDC64-0AD2-4B04-8F14-C72237C7428C}"
EndProject
Global
	GlobalSection(SolutionConfigurationPlatforms) = preSolution
		Debug|Any CPU = Debug|Any CPU
		Release|Any CPU = Release|Any CPU
	EndGlobalSection
	GlobalSection(ProjectConfigurationPlatforms) = postSolution
		{D3BFDC64-0AD2-4B04-8F14-C72237C7428C}.Debug|Any CPU.ActiveCfg = Debug|Any CPU
		{D3BFDC64-0AD2-4B04-8F14-C72237C7428C}.Debug|Any CPU.Build.0 = Debug|Any CPU
		{D3BFDC64-0AD2-4B04-8F14-C72237C7428C}.Release|Any CPU.ActiveCfg = Release|Any CPU
		{D3BFDC64-0AD2-4B04-8F14-C72237C7428C}.Release|Any CPU.Build.0 = Release|Any CPU
	EndGlobalSection
	GlobalSection(SolutionProperties) = preSolution
		HideSolutionNode = FALSE
	EndGlobalSection
	GlobalSection(ExtensibilityGlobals) = postSolution
		SolutionGuid = {A279AD09-D2D3-4745-A826-3B087E1FBBA6}
	EndGlobalSection
EndGlobal
